
Microsoft Visual Studio Solution File, Format Version 12.00
# Visual Studio 2015
Project("{FAE04EC0-301F-11D3-BF4B-00C04F79EFBC}") = "Rhythm Remote New 2.CSharp", "Rhythm Remote New 2.CSharp.csproj", "{B01CD9E5-7433-4A8B-7177-94E32C64F277}"
EndProject
Global
	GlobalSection(SolutionConfigurationPlatforms) = preSolution
		Debug|Any CPU = Debug|Any CPU
		Release|Any CPU = Release|Any CPU
	EndGlobalSection
	GlobalSection(ProjectConfigurationPlatforms) = postSolution
		{B01CD9E5-7433-4A8B-7177-94E32C64F277}.Debug|Any CPU.ActiveCfg = Debug|Any CPU
		{B01CD9E5-7433-4A8B-7177-94E32C64F277}.Debug|Any CPU.Build.0 = Debug|Any CPU
		{B01CD9E5-7433-4A8B-7177-94E32C64F277}.Release|Any CPU.ActiveCfg = Release|Any CPU
		{B01CD9E5-7433-4A8B-7177-94E32C64F277}.Release|Any CPU.Build.0 = Release|Any CPU
	EndGlobalSection
	GlobalSection(SolutionProperties) = preSolution
		HideSolutionNode = FALSE
	EndGlobalSection
EndGlobal
